
Microsoft Visual Studio Solution File, Format Version 12.00
# Visual Studio Version 17
VisualStudioVersion = 17.4.33403.182
MinimumVisualStudioVersion = 10.0.40219.1
Project("{9A19103F-16F7-4668-BE54-9A1E7A4F7556}") = "01_Datatypes", "01_Datatypes\01_Datatypes.csproj", "{797A8181-EFC3-41EF-9ECA-87FA8231016E}"
EndProject
Project("{9A19103F-16F7-4668-BE54-9A1E7A4F7556}") = "02_NamingConventions", "02_NamingConventions\02_NamingConventions.csproj", "{9F42316A-F06D-4D08-9C4D-FB81AF9B42CC}"
EndProject
Project("{9A19103F-16F7-4668-BE54-9A1E7A4F7556}") = "03_LoopsAndConditions", "03_LoopsAndConditions\03_LoopsAndConditions.csproj", "{FF4D1CDC-AA79-4F47-9169-CB36CC598717}"
EndProject
Project("{9A19103F-16F7-4668-BE54-9A1E7A4F7556}") = "04_ClassesAndLists", "04_ClassesAndLists\04_ClassesAndLists.csproj", "{9DF44352-1E1A-4A61-840C-9C7B56FB4E94}"
EndProject
Project("{FAE04EC0-301F-11D3-BF4B-00C04F79EFBC}") = "Test", "Test\Test.csproj", "{76472899-5B91-4C0E-8159-6EC736573F90}"
EndProject
Global
	GlobalSection(SolutionConfigurationPlatforms) = preSolution
		Debug|Any CPU = Debug|Any CPU
		Release|Any CPU = Release|Any CPU
	EndGlobalSection
	GlobalSection(ProjectConfigurationPlatforms) = postSolution
		{797A8181-EFC3-41EF-9ECA-87FA8231016E}.Debug|Any CPU.ActiveCfg = Debug|Any CPU
		{797A8181-EFC3-41EF-9ECA-87FA8231016E}.Debug|Any CPU.Build.0 = Debug|Any CPU
		{797A8181-EFC3-41EF-9ECA-87FA8231016E}.Release|Any CPU.ActiveCfg = Release|Any CPU
		{797A8181-EFC3-41EF-9ECA-87FA8231016E}.Release|Any CPU.Build.0 = Release|Any CPU
		{9F42316A-F06D-4D08-9C4D-FB81AF9B42CC}.Debug|Any CPU.ActiveCfg = Debug|Any CPU
		{9F42316A-F06D-4D08-9C4D-FB81AF9B42CC}.Debug|Any CPU.Build.0 = Debug|Any CPU
		{9F42316A-F06D-4D08-9C4D-FB81AF9B42CC}.Release|Any CPU.ActiveCfg = Release|Any CPU
		{9F42316A-F06D-4D08-9C4D-FB81AF9B42CC}.Release|Any CPU.Build.0 = Release|Any CPU
		{FF4D1CDC-AA79-4F47-9169-CB36CC598717}.Debug|Any CPU.ActiveCfg = Debug|Any CPU
		{FF4D1CDC-AA79-4F47-9169-CB36CC598717}.Debug|Any CPU.Build.0 = Debug|Any CPU
		{FF4D1CDC-AA79-4F47-9169-CB36CC598717}.Release|Any CPU.ActiveCfg = Release|Any CPU
		{FF4D1CDC-AA79-4F47-9169-CB36CC598717}.Release|Any CPU.Build.0 = Release|Any CPU
		{9DF44352-1E1A-4A61-840C-9C7B56FB4E94}.Debug|Any CPU.ActiveCfg = Debug|Any CPU
		{9DF44352-1E1A-4A61-840C-9C7B56FB4E94}.Debug|Any CPU.Build.0 = Debug|Any CPU
		{9DF44352-1E1A-4A61-840C-9C7B56FB4E94}.Release|Any CPU.ActiveCfg = Release|Any CPU
		{9DF44352-1E1A-4A61-840C-9C7B56FB4E94}.Release|Any CPU.Build.0 = Release|Any CPU
		{76472899-5B91-4C0E-8159-6EC736573F90}.Debug|Any CPU.ActiveCfg = Debug|Any CPU
		{76472899-5B91-4C0E-8159-6EC736573F90}.Debug|Any CPU.Build.0 = Debug|Any CPU
		{76472899-5B91-4C0E-8159-6EC736573F90}.Release|Any CPU.ActiveCfg = Release|Any CPU
		{76472899-5B91-4C0E-8159-6EC736573F90}.Release|Any CPU.Build.0 = Release|Any CPU
	EndGlobalSection
	GlobalSection(SolutionProperties) = preSolution
		HideSolutionNode = FALSE
	EndGlobalSection
	GlobalSection(ExtensibilityGlobals) = postSolution
		SolutionGuid = {0E2F9874-9722-4A09-A02B-6A899E3DCEEF}
	EndGlobalSection
EndGlobal
