
Microsoft Visual Studio Solution File, Format Version 12.00
# Visual Studio Version 17
VisualStudioVersion = 17.4.33403.182
MinimumVisualStudioVersion = 10.0.40219.1
Project("{9A19103F-16F7-4668-BE54-9A1E7A4F7556}") = "Adressbok", "Adressbok\Adressbok.csproj", "{4A8E2F03-9262-48B2-AF52-81CE78F2976E}"
EndProject
Project("{FAE04EC0-301F-11D3-BF4B-00C04F79EFBC}") = "Adressbok.Tests", "Adressbok.Tests\Adressbok.Tests.csproj", "{0B9351F2-3B6A-43F2-AAB6-93CCFFF7F805}"
EndProject
Global
	GlobalSection(SolutionConfigurationPlatforms) = preSolution
		Debug|Any CPU = Debug|Any CPU
		Release|Any CPU = Release|Any CPU
	EndGlobalSection
	GlobalSection(ProjectConfigurationPlatforms) = postSolution
		{4A8E2F03-9262-48B2-AF52-81CE78F2976E}.Debug|Any CPU.ActiveCfg = Debug|Any CPU
		{4A8E2F03-9262-48B2-AF52-81CE78F2976E}.Debug|Any CPU.Build.0 = Debug|Any CPU
		{4A8E2F03-9262-48B2-AF52-81CE78F2976E}.Release|Any CPU.ActiveCfg = Release|Any CPU
		{4A8E2F03-9262-48B2-AF52-81CE78F2976E}.Release|Any CPU.Build.0 = Release|Any CPU
		{0B9351F2-3B6A-43F2-AAB6-93CCFFF7F805}.Debug|Any CPU.ActiveCfg = Debug|Any CPU
		{0B9351F2-3B6A-43F2-AAB6-93CCFFF7F805}.Debug|Any CPU.Build.0 = Debug|Any CPU
		{0B9351F2-3B6A-43F2-AAB6-93CCFFF7F805}.Release|Any CPU.ActiveCfg = Release|Any CPU
		{0B9351F2-3B6A-43F2-AAB6-93CCFFF7F805}.Release|Any CPU.Build.0 = Release|Any CPU
	EndGlobalSection
	GlobalSection(SolutionProperties) = preSolution
		HideSolutionNode = FALSE
	EndGlobalSection
	GlobalSection(ExtensibilityGlobals) = postSolution
		SolutionGuid = {1D88BEE5-A9B5-4F63-B3A5-7FA5B1179AC5}
	EndGlobalSection
EndGlobal
