
Microsoft Visual Studio Solution File, Format Version 12.00
# Visual Studio Version 17
VisualStudioVersion = 17.4.33403.182
MinimumVisualStudioVersion = 10.0.40219.1
Project("{FAE04EC0-301F-11D3-BF4B-00C04F79EFBC}") = "01_Assignment_Example", "01_Assignment_Example\01_Assignment_Example.csproj", "{21221413-1D60-4AB1-97A8-2D5AF1743C87}"
EndProject
Project("{FAE04EC0-301F-11D3-BF4B-00C04F79EFBC}") = "02_AsyncAwait", "02_AsyncAwait\02_AsyncAwait.csproj", "{3089C12B-3B23-41C3-9C5E-5328ACB5F225}"
EndProject
Global
	GlobalSection(SolutionConfigurationPlatforms) = preSolution
		Debug|Any CPU = Debug|Any CPU
		Release|Any CPU = Release|Any CPU
	EndGlobalSection
	GlobalSection(ProjectConfigurationPlatforms) = postSolution
		{21221413-1D60-4AB1-97A8-2D5AF1743C87}.Debug|Any CPU.ActiveCfg = Debug|Any CPU
		{21221413-1D60-4AB1-97A8-2D5AF1743C87}.Debug|Any CPU.Build.0 = Debug|Any CPU
		{21221413-1D60-4AB1-97A8-2D5AF1743C87}.Release|Any CPU.ActiveCfg = Release|Any CPU
		{21221413-1D60-4AB1-97A8-2D5AF1743C87}.Release|Any CPU.Build.0 = Release|Any CPU
		{3089C12B-3B23-41C3-9C5E-5328ACB5F225}.Debug|Any CPU.ActiveCfg = Debug|Any CPU
		{3089C12B-3B23-41C3-9C5E-5328ACB5F225}.Debug|Any CPU.Build.0 = Debug|Any CPU
		{3089C12B-3B23-41C3-9C5E-5328ACB5F225}.Release|Any CPU.ActiveCfg = Release|Any CPU
		{3089C12B-3B23-41C3-9C5E-5328ACB5F225}.Release|Any CPU.Build.0 = Release|Any CPU
	EndGlobalSection
	GlobalSection(SolutionProperties) = preSolution
		HideSolutionNode = FALSE
	EndGlobalSection
	GlobalSection(ExtensibilityGlobals) = postSolution
		SolutionGuid = {38E2F176-8334-449F-B603-2C6C56EC268D}
	EndGlobalSection
EndGlobal
